
Microsoft Visual Studio Solution File, Format Version 12.00
Project("{FAE04EC0-301F-11D3-BF4B-00C04F79EFBC}") = "VirusAnalyzer", "VirusAnalyzer\VirusAnalyzer.csproj", "{776612BF-31E9-41B2-9372-71C5F46A4EC9}"
EndProject
Project("{2150E333-8FDC-42A3-9474-1A3956D46DE8}") = "Models", "Models", "{0A6054B7-E98B-45D6-9103-226716181778}"
EndProject
Global
	GlobalSection(SolutionConfigurationPlatforms) = preSolution
		Debug|Any CPU = Debug|Any CPU
		Release|Any CPU = Release|Any CPU
	EndGlobalSection
	GlobalSection(ProjectConfigurationPlatforms) = postSolution
		{776612BF-31E9-41B2-9372-71C5F46A4EC9}.Debug|Any CPU.ActiveCfg = Debug|Any CPU
		{776612BF-31E9-41B2-9372-71C5F46A4EC9}.Debug|Any CPU.Build.0 = Debug|Any CPU
		{776612BF-31E9-41B2-9372-71C5F46A4EC9}.Release|Any CPU.ActiveCfg = Release|Any CPU
		{776612BF-31E9-41B2-9372-71C5F46A4EC9}.Release|Any CPU.Build.0 = Release|Any CPU
	EndGlobalSection
EndGlobal
